<Solution>
  <Project Path="DataHarvester.Contracts/DataHarvester.Contracts.csproj" Id="4aae8c88-493f-431b-b892-4e98f1aa457c" />
  <Project Path="DataHarvester.Orchestrator/DataHarvester.Orchestrator.csproj" />
  <Project Path="DataHarvester.Worker/DataHarvester.Worker.csproj" Id="0c51cd91-0ee0-4787-ba11-00b477d2422c" />
</Solution>
